
Microsoft Visual Studio Solution File, Format Version 12.00
# Visual Studio Version 17
VisualStudioVersion = 17.11.35327.3
MinimumVisualStudioVersion = 10.0.40219.1
Project("{FAE04EC0-301F-11D3-BF4B-00C04F79EFBC}") = "WebBeachSA", "WebBeachSA\WebBeachSA.csproj", "{D17491F7-97DB-46D3-A305-1F11200E35C0}"
EndProject
Global
	GlobalSection(SolutionConfigurationPlatforms) = preSolution
		Debug|Any CPU = Debug|Any CPU
		Release|Any CPU = Release|Any CPU
	EndGlobalSection
	GlobalSection(ProjectConfigurationPlatforms) = postSolution
		{D17491F7-97DB-46D3-A305-1F11200E35C0}.Debug|Any CPU.ActiveCfg = Debug|Any CPU
		{D17491F7-97DB-46D3-A305-1F11200E35C0}.Debug|Any CPU.Build.0 = Debug|Any CPU
		{D17491F7-97DB-46D3-A305-1F11200E35C0}.Release|Any CPU.ActiveCfg = Release|Any CPU
		{D17491F7-97DB-46D3-A305-1F11200E35C0}.Release|Any CPU.Build.0 = Release|Any CPU
	EndGlobalSection
	GlobalSection(SolutionProperties) = preSolution
		HideSolutionNode = FALSE
	EndGlobalSection
	GlobalSection(ExtensibilityGlobals) = postSolution
		SolutionGuid = {5DE896A8-69AB-4799-885E-172C586B7F16}
	EndGlobalSection
EndGlobal
